
Microsoft Visual Studio Solution File, Format Version 12.00
# Visual Studio Version 16
VisualStudioVersion = 16.0.31005.135
MinimumVisualStudioVersion = 10.0.40219.1
Project("{FAE04EC0-301F-11D3-BF4B-00C04F79EFBC}") = "PigDice", "PigDice\PigDice.csproj", "{72A8B375-3F55-496E-B80F-1A890586FABD}"
EndProject
Global
	GlobalSection(SolutionConfigurationPlatforms) = preSolution
		Debug|Any CPU = Debug|Any CPU
		Release|Any CPU = Release|Any CPU
	EndGlobalSection
	GlobalSection(ProjectConfigurationPlatforms) = postSolution
		{72A8B375-3F55-496E-B80F-1A890586FABD}.Debug|Any CPU.ActiveCfg = Debug|Any CPU
		{72A8B375-3F55-496E-B80F-1A890586FABD}.Debug|Any CPU.Build.0 = Debug|Any CPU
		{72A8B375-3F55-496E-B80F-1A890586FABD}.Release|Any CPU.ActiveCfg = Release|Any CPU
		{72A8B375-3F55-496E-B80F-1A890586FABD}.Release|Any CPU.Build.0 = Release|Any CPU
	EndGlobalSection
	GlobalSection(SolutionProperties) = preSolution
		HideSolutionNode = FALSE
	EndGlobalSection
	GlobalSection(ExtensibilityGlobals) = postSolution
		SolutionGuid = {B3AA2FD2-893E-4D4E-8CBA-E1DBB87BC499}
	EndGlobalSection
EndGlobal
