
Microsoft Visual Studio Solution File, Format Version 12.00
# Visual Studio Version 16
VisualStudioVersion = 16.0.31025.194
MinimumVisualStudioVersion = 10.0.40219.1
Project("{FAE04EC0-301F-11D3-BF4B-00C04F79EFBC}") = "PrsServer", "PrsServer\PrsServer.csproj", "{77C1B4D4-A312-4657-997F-E467CA55C00E}"
EndProject
Global
	GlobalSection(SolutionConfigurationPlatforms) = preSolution
		Debug|Any CPU = Debug|Any CPU
		Release|Any CPU = Release|Any CPU
	EndGlobalSection
	GlobalSection(ProjectConfigurationPlatforms) = postSolution
		{77C1B4D4-A312-4657-997F-E467CA55C00E}.Debug|Any CPU.ActiveCfg = Debug|Any CPU
		{77C1B4D4-A312-4657-997F-E467CA55C00E}.Debug|Any CPU.Build.0 = Debug|Any CPU
		{77C1B4D4-A312-4657-997F-E467CA55C00E}.Release|Any CPU.ActiveCfg = Release|Any CPU
		{77C1B4D4-A312-4657-997F-E467CA55C00E}.Release|Any CPU.Build.0 = Release|Any CPU
	EndGlobalSection
	GlobalSection(SolutionProperties) = preSolution
		HideSolutionNode = FALSE
	EndGlobalSection
	GlobalSection(ExtensibilityGlobals) = postSolution
		SolutionGuid = {0396E742-F82D-471B-B0DC-FE2363D2767C}
	EndGlobalSection
EndGlobal
