
Microsoft Visual Studio Solution File, Format Version 12.00
# Visual Studio Version 16
VisualStudioVersion = 16.0.31005.135
MinimumVisualStudioVersion = 10.0.40219.1
Project("{FAE04EC0-301F-11D3-BF4B-00C04F79EFBC}") = "InterfaceTutorial", "InterfaceTutorial\InterfaceTutorial.csproj", "{C8339CF9-F1AE-4E4C-9900-BC9F98443904}"
EndProject
Global
	GlobalSection(SolutionConfigurationPlatforms) = preSolution
		Debug|Any CPU = Debug|Any CPU
		Release|Any CPU = Release|Any CPU
	EndGlobalSection
	GlobalSection(ProjectConfigurationPlatforms) = postSolution
		{C8339CF9-F1AE-4E4C-9900-BC9F98443904}.Debug|Any CPU.ActiveCfg = Debug|Any CPU
		{C8339CF9-F1AE-4E4C-9900-BC9F98443904}.Debug|Any CPU.Build.0 = Debug|Any CPU
		{C8339CF9-F1AE-4E4C-9900-BC9F98443904}.Release|Any CPU.ActiveCfg = Release|Any CPU
		{C8339CF9-F1AE-4E4C-9900-BC9F98443904}.Release|Any CPU.Build.0 = Release|Any CPU
	EndGlobalSection
	GlobalSection(SolutionProperties) = preSolution
		HideSolutionNode = FALSE
	EndGlobalSection
	GlobalSection(ExtensibilityGlobals) = postSolution
		SolutionGuid = {E18B15BF-EE93-46E1-8FE1-B1C8BE5E933B}
	EndGlobalSection
EndGlobal
