
Microsoft Visual Studio Solution File, Format Version 12.00
# Visual Studio Version 16
VisualStudioVersion = 16.0.31005.135
MinimumVisualStudioVersion = 10.0.40219.1
Project("{FAE04EC0-301F-11D3-BF4B-00C04F79EFBC}") = "SchoolWork", "SchoolWork\SchoolWork.csproj", "{6E4DC452-4135-4F11-BE7A-0B2672448CD9}"
EndProject
Global
	GlobalSection(SolutionConfigurationPlatforms) = preSolution
		Debug|Any CPU = Debug|Any CPU
		Release|Any CPU = Release|Any CPU
	EndGlobalSection
	GlobalSection(ProjectConfigurationPlatforms) = postSolution
		{6E4DC452-4135-4F11-BE7A-0B2672448CD9}.Debug|Any CPU.ActiveCfg = Debug|Any CPU
		{6E4DC452-4135-4F11-BE7A-0B2672448CD9}.Debug|Any CPU.Build.0 = Debug|Any CPU
		{6E4DC452-4135-4F11-BE7A-0B2672448CD9}.Release|Any CPU.ActiveCfg = Release|Any CPU
		{6E4DC452-4135-4F11-BE7A-0B2672448CD9}.Release|Any CPU.Build.0 = Release|Any CPU
	EndGlobalSection
	GlobalSection(SolutionProperties) = preSolution
		HideSolutionNode = FALSE
	EndGlobalSection
	GlobalSection(ExtensibilityGlobals) = postSolution
		SolutionGuid = {A64742AD-E791-461E-8BB9-E184E2450792}
	EndGlobalSection
EndGlobal
