
Microsoft Visual Studio Solution File, Format Version 12.00
# Visual Studio Version 16
VisualStudioVersion = 16.0.31005.135
MinimumVisualStudioVersion = 10.0.40219.1
Project("{FAE04EC0-301F-11D3-BF4B-00C04F79EFBC}") = "FreeTime2-19", "FreeTime2-19\FreeTime2-19.csproj", "{1850DFF8-36C8-426F-A2D5-F2EFFB4668FF}"
EndProject
Global
	GlobalSection(SolutionConfigurationPlatforms) = preSolution
		Debug|Any CPU = Debug|Any CPU
		Release|Any CPU = Release|Any CPU
	EndGlobalSection
	GlobalSection(ProjectConfigurationPlatforms) = postSolution
		{1850DFF8-36C8-426F-A2D5-F2EFFB4668FF}.Debug|Any CPU.ActiveCfg = Debug|Any CPU
		{1850DFF8-36C8-426F-A2D5-F2EFFB4668FF}.Debug|Any CPU.Build.0 = Debug|Any CPU
		{1850DFF8-36C8-426F-A2D5-F2EFFB4668FF}.Release|Any CPU.ActiveCfg = Release|Any CPU
		{1850DFF8-36C8-426F-A2D5-F2EFFB4668FF}.Release|Any CPU.Build.0 = Release|Any CPU
	EndGlobalSection
	GlobalSection(SolutionProperties) = preSolution
		HideSolutionNode = FALSE
	EndGlobalSection
	GlobalSection(ExtensibilityGlobals) = postSolution
		SolutionGuid = {9048F423-A656-4DDA-8E9B-1202EABC60BC}
	EndGlobalSection
EndGlobal
